
Microsoft Visual Studio Solution File, Format Version 12.00
# Visual Studio Version 17
VisualStudioVersion = 17.14.36119.2
MinimumVisualStudioVersion = 10.0.40219.1
Project("{2150E333-8FDC-42A3-9474-1A3956D46DE8}") = "01.Presentation", "01.Presentation", "{02EA681E-C7D8-13C7-8484-4AC65E1B71E8}"
EndProject
Project("{FAE04EC0-301F-11D3-BF4B-00C04F79EFBC}") = "OUT_APP_EQUIPGO", "OUT_APP_EQUIPGO\OUT_APP_EQUIPGO.csproj", "{2861AAED-A4C7-482C-95E5-B88F243F2328}"
EndProject
Project("{2150E333-8FDC-42A3-9474-1A3956D46DE8}") = "02.Application", "02.Application", "{177108C3-9E6F-418D-BFC0-409BB2F2A1E8}"
EndProject
Project("{2150E333-8FDC-42A3-9474-1A3956D46DE8}") = "03.Domain", "03.Domain", "{ED558F68-7502-4B51-8996-72B1548238E7}"
EndProject
Project("{2150E333-8FDC-42A3-9474-1A3956D46DE8}") = "04.Infrastructure", "04.Infrastructure", "{BFB5EBDA-5D55-4975-ACFD-D0357F0970D3}"
EndProject
Project("{2150E333-8FDC-42A3-9474-1A3956D46DE8}") = "05.Shared", "05.Shared", "{DB7BC7DF-89B8-461D-BB44-46CCBDD1A1B6}"
EndProject
Project("{FAE04EC0-301F-11D3-BF4B-00C04F79EFBC}") = "OUT_OS_APP.EQUIPGO.DTO", "OUT_OS_APP.EQUIPGO.DTO\OUT_OS_APP.EQUIPGO.DTO.csproj", "{A3F9DCC2-483C-4753-B289-D2FEA4D9E5D2}"
EndProject
Project("{FAE04EC0-301F-11D3-BF4B-00C04F79EFBC}") = "UseCases", "UseCases\UseCases.csproj", "{1D8D46AB-50C2-4614-9857-951F4DD18662}"
EndProject
Project("{FAE04EC0-301F-11D3-BF4B-00C04F79EFBC}") = "Interface", "Interface\Interface.csproj", "{82D1378D-668A-458F-8DD0-4981F936F798}"
EndProject
Project("{FAE04EC0-301F-11D3-BF4B-00C04F79EFBC}") = "OUT_DOMAIN_EQUIPGO", "OUT_DOMAIN_EQUIPGO\OUT_DOMAIN_EQUIPGO.csproj", "{4FC9D269-99F4-494C-93F0-4D5B782660A7}"
EndProject
Project("{FAE04EC0-301F-11D3-BF4B-00C04F79EFBC}") = "OUT_PERSISTENCE_EQUIPGO", "OUT_PERSISTENCE_EQUIPGO\OUT_PERSISTENCE_EQUIPGO.csproj", "{C1C92ACC-F8E2-4AC5-AF08-32B677B865D7}"
EndProject
Project("{FAE04EC0-301F-11D3-BF4B-00C04F79EFBC}") = "OUT_COMMON_EQUIPGO", "OUT_COMMON_EQUIPGO\OUT_COMMON_EQUIPGO.csproj", "{20214283-446B-41F2-ACE6-806FE2957189}"
EndProject
Project("{FAE04EC0-301F-11D3-BF4B-00C04F79EFBC}") = "OUT_LOGGING_EQUIPGO", "OUT_LOGGING_EQUIPGO\OUT_LOGGING_EQUIPGO.csproj", "{843AFCED-DB9F-43AD-A870-EF3390E60AF6}"
EndProject
Project("{2150E333-8FDC-42A3-9474-1A3956D46DE8}") = "06.Public", "06.Public", "{ED24BC86-79DF-479C-8AAC-5FDC56C3A40B}"
EndProject
Project("{FAE04EC0-301F-11D3-BF4B-00C04F79EFBC}") = "EquipGo.Public", "EquipGo.Public\EquipGo.Public.csproj", "{1660FF5C-E920-4E82-AD71-FD59652E1E83}"
EndProject
Project("{2150E333-8FDC-42A3-9474-1A3956D46DE8}") = "07.Agent", "07.Agent", "{EC4007DC-8278-4BDE-9AB0-254934FE6021}"
EndProject
Project("{2150E333-8FDC-42A3-9474-1A3956D46DE8}") = "01.Agent.Presentation", "01.Agent.Presentation", "{4E2FD12B-3C1F-4B72-947B-AAD741C7088A}"
EndProject
Project("{2150E333-8FDC-42A3-9474-1A3956D46DE8}") = "02.Agent.Application", "02.Agent.Application", "{274F778A-E21C-40B7-95C7-DBEC2C45AAEC}"
EndProject
Project("{2150E333-8FDC-42A3-9474-1A3956D46DE8}") = "03.Agent.Infrastructure", "03.Agent.Infrastructure", "{766075DC-209E-4AC5-82AE-56F9D7A3BEA0}"
EndProject
Project("{2150E333-8FDC-42A3-9474-1A3956D46DE8}") = "04.Agent.Domain", "04.Agent.Domain", "{335EF7F3-B67B-4419-BD7F-536064E8D089}"
EndProject
Project("{2150E333-8FDC-42A3-9474-1A3956D46DE8}") = "05.Agent.Shared", "05.Agent.Shared", "{C3A8AC05-4191-44F6-9946-E6DD29B7F62B}"
EndProject
Project("{FAE04EC0-301F-11D3-BF4B-00C04F79EFBC}") = "EquipGo.Agent.App", "EquipGo.Agent.App\EquipGo.Agent.App.csproj", "{DC6541AB-F565-4369-9B06-CFC6BF17F4BF}"
EndProject
Project("{FAE04EC0-301F-11D3-BF4B-00C04F79EFBC}") = "EquipGo.Agent.Application", "EquipGo.Agent.Application\EquipGo.Agent.Application.csproj", "{525E5540-21A1-4827-A50D-E258E80F3166}"
EndProject
Project("{FAE04EC0-301F-11D3-BF4B-00C04F79EFBC}") = "EquipGo.Agent.Infrastructure", "EquipGo.Agent.Infrastructure\EquipGo.Agent.Infrastructure.csproj", "{ABB7FB6D-1B71-483E-B882-5C1755843934}"
EndProject
Project("{FAE04EC0-301F-11D3-BF4B-00C04F79EFBC}") = "EquipGo.Agent.Domain", "EquipGo.Agent.Domain\EquipGo.Agent.Domain.csproj", "{859273DA-2485-4ADF-BE2F-975AC6E826E2}"
EndProject
Project("{FAE04EC0-301F-11D3-BF4B-00C04F79EFBC}") = "EquipGo.Agent.Shared", "EquipGo.Agent.Shared\EquipGo.Agent.Shared.csproj", "{C63BC8E4-6017-472F-A2CD-512483A0254F}"
EndProject
Global
	GlobalSection(SolutionConfigurationPlatforms) = preSolution
		Debug|Any CPU = Debug|Any CPU
		Debug|x86 = Debug|x86
		Release|Any CPU = Release|Any CPU
		Release|x86 = Release|x86
	EndGlobalSection
	GlobalSection(ProjectConfigurationPlatforms) = postSolution
		{2861AAED-A4C7-482C-95E5-B88F243F2328}.Debug|Any CPU.ActiveCfg = Debug|Any CPU
		{2861AAED-A4C7-482C-95E5-B88F243F2328}.Debug|Any CPU.Build.0 = Debug|Any CPU
		{2861AAED-A4C7-482C-95E5-B88F243F2328}.Debug|x86.ActiveCfg = Debug|Any CPU
		{2861AAED-A4C7-482C-95E5-B88F243F2328}.Debug|x86.Build.0 = Debug|Any CPU
		{2861AAED-A4C7-482C-95E5-B88F243F2328}.Release|Any CPU.ActiveCfg = Release|Any CPU
		{2861AAED-A4C7-482C-95E5-B88F243F2328}.Release|Any CPU.Build.0 = Release|Any CPU
		{2861AAED-A4C7-482C-95E5-B88F243F2328}.Release|x86.ActiveCfg = Release|Any CPU
		{2861AAED-A4C7-482C-95E5-B88F243F2328}.Release|x86.Build.0 = Release|Any CPU
		{A3F9DCC2-483C-4753-B289-D2FEA4D9E5D2}.Debug|Any CPU.ActiveCfg = Debug|Any CPU
		{A3F9DCC2-483C-4753-B289-D2FEA4D9E5D2}.Debug|Any CPU.Build.0 = Debug|Any CPU
		{A3F9DCC2-483C-4753-B289-D2FEA4D9E5D2}.Debug|x86.ActiveCfg = Debug|Any CPU
		{A3F9DCC2-483C-4753-B289-D2FEA4D9E5D2}.Debug|x86.Build.0 = Debug|Any CPU
		{A3F9DCC2-483C-4753-B289-D2FEA4D9E5D2}.Release|Any CPU.ActiveCfg = Release|Any CPU
		{A3F9DCC2-483C-4753-B289-D2FEA4D9E5D2}.Release|Any CPU.Build.0 = Release|Any CPU
		{A3F9DCC2-483C-4753-B289-D2FEA4D9E5D2}.Release|x86.ActiveCfg = Release|Any CPU
		{A3F9DCC2-483C-4753-B289-D2FEA4D9E5D2}.Release|x86.Build.0 = Release|Any CPU
		{1D8D46AB-50C2-4614-9857-951F4DD18662}.Debug|Any CPU.ActiveCfg = Debug|Any CPU
		{1D8D46AB-50C2-4614-9857-951F4DD18662}.Debug|Any CPU.Build.0 = Debug|Any CPU
		{1D8D46AB-50C2-4614-9857-951F4DD18662}.Debug|x86.ActiveCfg = Debug|Any CPU
		{1D8D46AB-50C2-4614-9857-951F4DD18662}.Debug|x86.Build.0 = Debug|Any CPU
		{1D8D46AB-50C2-4614-9857-951F4DD18662}.Release|Any CPU.ActiveCfg = Release|Any CPU
		{1D8D46AB-50C2-4614-9857-951F4DD18662}.Release|Any CPU.Build.0 = Release|Any CPU
		{1D8D46AB-50C2-4614-9857-951F4DD18662}.Release|x86.ActiveCfg = Release|Any CPU
		{1D8D46AB-50C2-4614-9857-951F4DD18662}.Release|x86.Build.0 = Release|Any CPU
		{82D1378D-668A-458F-8DD0-4981F936F798}.Debug|Any CPU.ActiveCfg = Debug|Any CPU
		{82D1378D-668A-458F-8DD0-4981F936F798}.Debug|Any CPU.Build.0 = Debug|Any CPU
		{82D1378D-668A-458F-8DD0-4981F936F798}.Debug|x86.ActiveCfg = Debug|Any CPU
		{82D1378D-668A-458F-8DD0-4981F936F798}.Debug|x86.Build.0 = Debug|Any CPU
		{82D1378D-668A-458F-8DD0-4981F936F798}.Release|Any CPU.ActiveCfg = Release|Any CPU
		{82D1378D-668A-458F-8DD0-4981F936F798}.Release|Any CPU.Build.0 = Release|Any CPU
		{82D1378D-668A-458F-8DD0-4981F936F798}.Release|x86.ActiveCfg = Release|Any CPU
		{82D1378D-668A-458F-8DD0-4981F936F798}.Release|x86.Build.0 = Release|Any CPU
		{4FC9D269-99F4-494C-93F0-4D5B782660A7}.Debug|Any CPU.ActiveCfg = Debug|Any CPU
		{4FC9D269-99F4-494C-93F0-4D5B782660A7}.Debug|Any CPU.Build.0 = Debug|Any CPU
		{4FC9D269-99F4-494C-93F0-4D5B782660A7}.Debug|x86.ActiveCfg = Debug|Any CPU
		{4FC9D269-99F4-494C-93F0-4D5B782660A7}.Debug|x86.Build.0 = Debug|Any CPU
		{4FC9D269-99F4-494C-93F0-4D5B782660A7}.Release|Any CPU.ActiveCfg = Release|Any CPU
		{4FC9D269-99F4-494C-93F0-4D5B782660A7}.Release|Any CPU.Build.0 = Release|Any CPU
		{4FC9D269-99F4-494C-93F0-4D5B782660A7}.Release|x86.ActiveCfg = Release|Any CPU
		{4FC9D269-99F4-494C-93F0-4D5B782660A7}.Release|x86.Build.0 = Release|Any CPU
		{C1C92ACC-F8E2-4AC5-AF08-32B677B865D7}.Debug|Any CPU.ActiveCfg = Debug|Any CPU
		{C1C92ACC-F8E2-4AC5-AF08-32B677B865D7}.Debug|Any CPU.Build.0 = Debug|Any CPU
		{C1C92ACC-F8E2-4AC5-AF08-32B677B865D7}.Debug|x86.ActiveCfg = Debug|Any CPU
		{C1C92ACC-F8E2-4AC5-AF08-32B677B865D7}.Debug|x86.Build.0 = Debug|Any CPU
		{C1C92ACC-F8E2-4AC5-AF08-32B677B865D7}.Release|Any CPU.ActiveCfg = Release|Any CPU
		{C1C92ACC-F8E2-4AC5-AF08-32B677B865D7}.Release|Any CPU.Build.0 = Release|Any CPU
		{C1C92ACC-F8E2-4AC5-AF08-32B677B865D7}.Release|x86.ActiveCfg = Release|Any CPU
		{C1C92ACC-F8E2-4AC5-AF08-32B677B865D7}.Release|x86.Build.0 = Release|Any CPU
		{20214283-446B-41F2-ACE6-806FE2957189}.Debug|Any CPU.ActiveCfg = Debug|Any CPU
		{20214283-446B-41F2-ACE6-806FE2957189}.Debug|Any CPU.Build.0 = Debug|Any CPU
		{20214283-446B-41F2-ACE6-806FE2957189}.Debug|x86.ActiveCfg = Debug|Any CPU
		{20214283-446B-41F2-ACE6-806FE2957189}.Debug|x86.Build.0 = Debug|Any CPU
		{20214283-446B-41F2-ACE6-806FE2957189}.Release|Any CPU.ActiveCfg = Release|Any CPU
		{20214283-446B-41F2-ACE6-806FE2957189}.Release|Any CPU.Build.0 = Release|Any CPU
		{20214283-446B-41F2-ACE6-806FE2957189}.Release|x86.ActiveCfg = Release|Any CPU
		{20214283-446B-41F2-ACE6-806FE2957189}.Release|x86.Build.0 = Release|Any CPU
		{843AFCED-DB9F-43AD-A870-EF3390E60AF6}.Debug|Any CPU.ActiveCfg = Debug|Any CPU
		{843AFCED-DB9F-43AD-A870-EF3390E60AF6}.Debug|Any CPU.Build.0 = Debug|Any CPU
		{843AFCED-DB9F-43AD-A870-EF3390E60AF6}.Debug|x86.ActiveCfg = Debug|Any CPU
		{843AFCED-DB9F-43AD-A870-EF3390E60AF6}.Debug|x86.Build.0 = Debug|Any CPU
		{843AFCED-DB9F-43AD-A870-EF3390E60AF6}.Release|Any CPU.ActiveCfg = Release|Any CPU
		{843AFCED-DB9F-43AD-A870-EF3390E60AF6}.Release|Any CPU.Build.0 = Release|Any CPU
		{843AFCED-DB9F-43AD-A870-EF3390E60AF6}.Release|x86.ActiveCfg = Release|Any CPU
		{843AFCED-DB9F-43AD-A870-EF3390E60AF6}.Release|x86.Build.0 = Release|Any CPU
		{1660FF5C-E920-4E82-AD71-FD59652E1E83}.Debug|Any CPU.ActiveCfg = Debug|Any CPU
		{1660FF5C-E920-4E82-AD71-FD59652E1E83}.Debug|Any CPU.Build.0 = Debug|Any CPU
		{1660FF5C-E920-4E82-AD71-FD59652E1E83}.Debug|x86.ActiveCfg = Debug|Any CPU
		{1660FF5C-E920-4E82-AD71-FD59652E1E83}.Debug|x86.Build.0 = Debug|Any CPU
		{1660FF5C-E920-4E82-AD71-FD59652E1E83}.Release|Any CPU.ActiveCfg = Release|Any CPU
		{1660FF5C-E920-4E82-AD71-FD59652E1E83}.Release|Any CPU.Build.0 = Release|Any CPU
		{1660FF5C-E920-4E82-AD71-FD59652E1E83}.Release|x86.ActiveCfg = Release|Any CPU
		{1660FF5C-E920-4E82-AD71-FD59652E1E83}.Release|x86.Build.0 = Release|Any CPU
		{DC6541AB-F565-4369-9B06-CFC6BF17F4BF}.Debug|Any CPU.ActiveCfg = Debug|Any CPU
		{DC6541AB-F565-4369-9B06-CFC6BF17F4BF}.Debug|Any CPU.Build.0 = Debug|Any CPU
		{DC6541AB-F565-4369-9B06-CFC6BF17F4BF}.Debug|x86.ActiveCfg = Debug|Any CPU
		{DC6541AB-F565-4369-9B06-CFC6BF17F4BF}.Debug|x86.Build.0 = Debug|Any CPU
		{DC6541AB-F565-4369-9B06-CFC6BF17F4BF}.Release|Any CPU.ActiveCfg = Release|Any CPU
		{DC6541AB-F565-4369-9B06-CFC6BF17F4BF}.Release|Any CPU.Build.0 = Release|Any CPU
		{DC6541AB-F565-4369-9B06-CFC6BF17F4BF}.Release|x86.ActiveCfg = Release|Any CPU
		{DC6541AB-F565-4369-9B06-CFC6BF17F4BF}.Release|x86.Build.0 = Release|Any CPU
		{525E5540-21A1-4827-A50D-E258E80F3166}.Debug|Any CPU.ActiveCfg = Debug|Any CPU
		{525E5540-21A1-4827-A50D-E258E80F3166}.Debug|Any CPU.Build.0 = Debug|Any CPU
		{525E5540-21A1-4827-A50D-E258E80F3166}.Debug|x86.ActiveCfg = Debug|Any CPU
		{525E5540-21A1-4827-A50D-E258E80F3166}.Debug|x86.Build.0 = Debug|Any CPU
		{525E5540-21A1-4827-A50D-E258E80F3166}.Release|Any CPU.ActiveCfg = Release|Any CPU
		{525E5540-21A1-4827-A50D-E258E80F3166}.Release|Any CPU.Build.0 = Release|Any CPU
		{525E5540-21A1-4827-A50D-E258E80F3166}.Release|x86.ActiveCfg = Release|Any CPU
		{525E5540-21A1-4827-A50D-E258E80F3166}.Release|x86.Build.0 = Release|Any CPU
		{ABB7FB6D-1B71-483E-B882-5C1755843934}.Debug|Any CPU.ActiveCfg = Debug|Any CPU
		{ABB7FB6D-1B71-483E-B882-5C1755843934}.Debug|Any CPU.Build.0 = Debug|Any CPU
		{ABB7FB6D-1B71-483E-B882-5C1755843934}.Debug|x86.ActiveCfg = Debug|Any CPU
		{ABB7FB6D-1B71-483E-B882-5C1755843934}.Debug|x86.Build.0 = Debug|Any CPU
		{ABB7FB6D-1B71-483E-B882-5C1755843934}.Release|Any CPU.ActiveCfg = Release|Any CPU
		{ABB7FB6D-1B71-483E-B882-5C1755843934}.Release|Any CPU.Build.0 = Release|Any CPU
		{ABB7FB6D-1B71-483E-B882-5C1755843934}.Release|x86.ActiveCfg = Release|Any CPU
		{ABB7FB6D-1B71-483E-B882-5C1755843934}.Release|x86.Build.0 = Release|Any CPU
		{859273DA-2485-4ADF-BE2F-975AC6E826E2}.Debug|Any CPU.ActiveCfg = Debug|Any CPU
		{859273DA-2485-4ADF-BE2F-975AC6E826E2}.Debug|Any CPU.Build.0 = Debug|Any CPU
		{859273DA-2485-4ADF-BE2F-975AC6E826E2}.Debug|x86.ActiveCfg = Debug|Any CPU
		{859273DA-2485-4ADF-BE2F-975AC6E826E2}.Debug|x86.Build.0 = Debug|Any CPU
		{859273DA-2485-4ADF-BE2F-975AC6E826E2}.Release|Any CPU.ActiveCfg = Release|Any CPU
		{859273DA-2485-4ADF-BE2F-975AC6E826E2}.Release|Any CPU.Build.0 = Release|Any CPU
		{859273DA-2485-4ADF-BE2F-975AC6E826E2}.Release|x86.ActiveCfg = Release|Any CPU
		{859273DA-2485-4ADF-BE2F-975AC6E826E2}.Release|x86.Build.0 = Release|Any CPU
		{C63BC8E4-6017-472F-A2CD-512483A0254F}.Debug|Any CPU.ActiveCfg = Debug|Any CPU
		{C63BC8E4-6017-472F-A2CD-512483A0254F}.Debug|Any CPU.Build.0 = Debug|Any CPU
		{C63BC8E4-6017-472F-A2CD-512483A0254F}.Debug|x86.ActiveCfg = Debug|Any CPU
		{C63BC8E4-6017-472F-A2CD-512483A0254F}.Debug|x86.Build.0 = Debug|Any CPU
		{C63BC8E4-6017-472F-A2CD-512483A0254F}.Release|Any CPU.ActiveCfg = Release|Any CPU
		{C63BC8E4-6017-472F-A2CD-512483A0254F}.Release|Any CPU.Build.0 = Release|Any CPU
		{C63BC8E4-6017-472F-A2CD-512483A0254F}.Release|x86.ActiveCfg = Release|Any CPU
		{C63BC8E4-6017-472F-A2CD-512483A0254F}.Release|x86.Build.0 = Release|Any CPU
	EndGlobalSection
	GlobalSection(SolutionProperties) = preSolution
		HideSolutionNode = FALSE
	EndGlobalSection
	GlobalSection(NestedProjects) = preSolution
		{2861AAED-A4C7-482C-95E5-B88F243F2328} = {02EA681E-C7D8-13C7-8484-4AC65E1B71E8}
		{A3F9DCC2-483C-4753-B289-D2FEA4D9E5D2} = {177108C3-9E6F-418D-BFC0-409BB2F2A1E8}
		{1D8D46AB-50C2-4614-9857-951F4DD18662} = {177108C3-9E6F-418D-BFC0-409BB2F2A1E8}
		{82D1378D-668A-458F-8DD0-4981F936F798} = {177108C3-9E6F-418D-BFC0-409BB2F2A1E8}
		{4FC9D269-99F4-494C-93F0-4D5B782660A7} = {ED558F68-7502-4B51-8996-72B1548238E7}
		{C1C92ACC-F8E2-4AC5-AF08-32B677B865D7} = {BFB5EBDA-5D55-4975-ACFD-D0357F0970D3}
		{20214283-446B-41F2-ACE6-806FE2957189} = {DB7BC7DF-89B8-461D-BB44-46CCBDD1A1B6}
		{843AFCED-DB9F-43AD-A870-EF3390E60AF6} = {DB7BC7DF-89B8-461D-BB44-46CCBDD1A1B6}
		{1660FF5C-E920-4E82-AD71-FD59652E1E83} = {ED24BC86-79DF-479C-8AAC-5FDC56C3A40B}
		{4E2FD12B-3C1F-4B72-947B-AAD741C7088A} = {EC4007DC-8278-4BDE-9AB0-254934FE6021}
		{274F778A-E21C-40B7-95C7-DBEC2C45AAEC} = {EC4007DC-8278-4BDE-9AB0-254934FE6021}
		{766075DC-209E-4AC5-82AE-56F9D7A3BEA0} = {EC4007DC-8278-4BDE-9AB0-254934FE6021}
		{335EF7F3-B67B-4419-BD7F-536064E8D089} = {EC4007DC-8278-4BDE-9AB0-254934FE6021}
		{C3A8AC05-4191-44F6-9946-E6DD29B7F62B} = {EC4007DC-8278-4BDE-9AB0-254934FE6021}
		{DC6541AB-F565-4369-9B06-CFC6BF17F4BF} = {4E2FD12B-3C1F-4B72-947B-AAD741C7088A}
		{525E5540-21A1-4827-A50D-E258E80F3166} = {274F778A-E21C-40B7-95C7-DBEC2C45AAEC}
		{ABB7FB6D-1B71-483E-B882-5C1755843934} = {766075DC-209E-4AC5-82AE-56F9D7A3BEA0}
		{859273DA-2485-4ADF-BE2F-975AC6E826E2} = {335EF7F3-B67B-4419-BD7F-536064E8D089}
		{C63BC8E4-6017-472F-A2CD-512483A0254F} = {C3A8AC05-4191-44F6-9946-E6DD29B7F62B}
	EndGlobalSection
	GlobalSection(ExtensibilityGlobals) = postSolution
		SolutionGuid = {F9D1512F-AF39-4C89-B246-E482EDC5915C}
	EndGlobalSection
EndGlobal
